
Microsoft Visual Studio Solution File, Format Version 12.00
# Visual Studio Version 17
VisualStudioVersion = 17.6.33815.320
MinimumVisualStudioVersion = 10.0.40219.1
Project("{9A19103F-16F7-4668-BE54-9A1E7A4F7556}") = "Ganaderia", "AnaderiaDemo\Ganaderia.csproj", "{FECC56BB-17AD-4CC5-9626-E42149743258}"
EndProject
Global
	GlobalSection(SolutionConfigurationPlatforms) = preSolution
		Debug|Any CPU = Debug|Any CPU
		Release|Any CPU = Release|Any CPU
	EndGlobalSection
	GlobalSection(ProjectConfigurationPlatforms) = postSolution
		{FECC56BB-17AD-4CC5-9626-E42149743258}.Debug|Any CPU.ActiveCfg = Debug|Any CPU
		{FECC56BB-17AD-4CC5-9626-E42149743258}.Debug|Any CPU.Build.0 = Debug|Any CPU
		{FECC56BB-17AD-4CC5-9626-E42149743258}.Debug|Any CPU.Deploy.0 = Debug|Any CPU
		{FECC56BB-17AD-4CC5-9626-E42149743258}.Release|Any CPU.ActiveCfg = Release|Any CPU
		{FECC56BB-17AD-4CC5-9626-E42149743258}.Release|Any CPU.Build.0 = Release|Any CPU
		{FECC56BB-17AD-4CC5-9626-E42149743258}.Release|Any CPU.Deploy.0 = Release|Any CPU
	EndGlobalSection
	GlobalSection(SolutionProperties) = preSolution
		HideSolutionNode = FALSE
	EndGlobalSection
	GlobalSection(ExtensibilityGlobals) = postSolution
		SolutionGuid = {3F9E844B-EC30-45B2-ACB8-18B6FB4E8EED}
	EndGlobalSection
EndGlobal
